
Microsoft Visual Studio Solution File, Format Version 12.00
# Visual Studio Version 17
VisualStudioVersion = 17.1.32228.430
MinimumVisualStudioVersion = 10.0.40219.1
Project("{FAE04EC0-301F-11D3-BF4B-00C04F79EFBC}") = "TravelAppXamarin.Android", "TravelAppXamarin\TravelAppXamarin.Android\TravelAppXamarin.Android.csproj", "{A17DCC4D-2D17-4A01-BE43-763AC135A79A}"
EndProject
Project("{FAE04EC0-301F-11D3-BF4B-00C04F79EFBC}") = "TravelAppXamarin.iOS", "TravelAppXamarin\TravelAppXamarin.iOS\TravelAppXamarin.iOS.csproj", "{30C6A098-60DC-4C1A-A561-CE35B78E96BB}"
EndProject
Project("{FAE04EC0-301F-11D3-BF4B-00C04F79EFBC}") = "TravelAppXamarin", "TravelAppXamarin\TravelAppXamarin\TravelAppXamarin.csproj", "{3A358CD3-4EBC-4F9C-99DD-8E64164A3AE0}"
EndProject
Global
	GlobalSection(SolutionConfigurationPlatforms) = preSolution
		Debug|Any CPU = Debug|Any CPU
		Debug|iPhone = Debug|iPhone
		Debug|iPhoneSimulator = Debug|iPhoneSimulator
		Release|Any CPU = Release|Any CPU
		Release|iPhone = Release|iPhone
		Release|iPhoneSimulator = Release|iPhoneSimulator
	EndGlobalSection
	GlobalSection(ProjectConfigurationPlatforms) = postSolution
		{A17DCC4D-2D17-4A01-BE43-763AC135A79A}.Debug|Any CPU.ActiveCfg = Debug|Any CPU
		{A17DCC4D-2D17-4A01-BE43-763AC135A79A}.Debug|Any CPU.Build.0 = Debug|Any CPU
		{A17DCC4D-2D17-4A01-BE43-763AC135A79A}.Debug|Any CPU.Deploy.0 = Debug|Any CPU
		{A17DCC4D-2D17-4A01-BE43-763AC135A79A}.Debug|iPhone.ActiveCfg = Debug|Any CPU
		{A17DCC4D-2D17-4A01-BE43-763AC135A79A}.Debug|iPhone.Build.0 = Debug|Any CPU
		{A17DCC4D-2D17-4A01-BE43-763AC135A79A}.Debug|iPhone.Deploy.0 = Debug|Any CPU
		{A17DCC4D-2D17-4A01-BE43-763AC135A79A}.Debug|iPhoneSimulator.ActiveCfg = Debug|Any CPU
		{A17DCC4D-2D17-4A01-BE43-763AC135A79A}.Debug|iPhoneSimulator.Build.0 = Debug|Any CPU
		{A17DCC4D-2D17-4A01-BE43-763AC135A79A}.Debug|iPhoneSimulator.Deploy.0 = Debug|Any CPU
		{A17DCC4D-2D17-4A01-BE43-763AC135A79A}.Release|Any CPU.ActiveCfg = Release|Any CPU
		{A17DCC4D-2D17-4A01-BE43-763AC135A79A}.Release|Any CPU.Build.0 = Release|Any CPU
		{A17DCC4D-2D17-4A01-BE43-763AC135A79A}.Release|Any CPU.Deploy.0 = Release|Any CPU
		{A17DCC4D-2D17-4A01-BE43-763AC135A79A}.Release|iPhone.ActiveCfg = Release|Any CPU
		{A17DCC4D-2D17-4A01-BE43-763AC135A79A}.Release|iPhone.Build.0 = Release|Any CPU
		{A17DCC4D-2D17-4A01-BE43-763AC135A79A}.Release|iPhone.Deploy.0 = Release|Any CPU
		{A17DCC4D-2D17-4A01-BE43-763AC135A79A}.Release|iPhoneSimulator.ActiveCfg = Release|Any CPU
		{A17DCC4D-2D17-4A01-BE43-763AC135A79A}.Release|iPhoneSimulator.Build.0 = Release|Any CPU
		{A17DCC4D-2D17-4A01-BE43-763AC135A79A}.Release|iPhoneSimulator.Deploy.0 = Release|Any CPU
		{30C6A098-60DC-4C1A-A561-CE35B78E96BB}.Debug|Any CPU.ActiveCfg = Debug|iPhone
		{30C6A098-60DC-4C1A-A561-CE35B78E96BB}.Debug|Any CPU.Build.0 = Debug|iPhone
		{30C6A098-60DC-4C1A-A561-CE35B78E96BB}.Debug|Any CPU.Deploy.0 = Debug|iPhone
		{30C6A098-60DC-4C1A-A561-CE35B78E96BB}.Debug|iPhone.ActiveCfg = Debug|iPhone
		{30C6A098-60DC-4C1A-A561-CE35B78E96BB}.Debug|iPhone.Build.0 = Debug|iPhone
		{30C6A098-60DC-4C1A-A561-CE35B78E96BB}.Debug|iPhone.Deploy.0 = Debug|iPhone
		{30C6A098-60DC-4C1A-A561-CE35B78E96BB}.Debug|iPhoneSimulator.ActiveCfg = Debug|iPhoneSimulator
		{30C6A098-60DC-4C1A-A561-CE35B78E96BB}.Debug|iPhoneSimulator.Build.0 = Debug|iPhoneSimulator
		{30C6A098-60DC-4C1A-A561-CE35B78E96BB}.Debug|iPhoneSimulator.Deploy.0 = Debug|iPhoneSimulator
		{30C6A098-60DC-4C1A-A561-CE35B78E96BB}.Release|Any CPU.ActiveCfg = Release|iPhoneSimulator
		{30C6A098-60DC-4C1A-A561-CE35B78E96BB}.Release|Any CPU.Build.0 = Release|iPhoneSimulator
		{30C6A098-60DC-4C1A-A561-CE35B78E96BB}.Release|Any CPU.Deploy.0 = Release|iPhoneSimulator
		{30C6A098-60DC-4C1A-A561-CE35B78E96BB}.Release|iPhone.ActiveCfg = Release|iPhone
		{30C6A098-60DC-4C1A-A561-CE35B78E96BB}.Release|iPhone.Build.0 = Release|iPhone
		{30C6A098-60DC-4C1A-A561-CE35B78E96BB}.Release|iPhone.Deploy.0 = Release|iPhone
		{30C6A098-60DC-4C1A-A561-CE35B78E96BB}.Release|iPhoneSimulator.ActiveCfg = Release|iPhoneSimulator
		{30C6A098-60DC-4C1A-A561-CE35B78E96BB}.Release|iPhoneSimulator.Build.0 = Release|iPhoneSimulator
		{30C6A098-60DC-4C1A-A561-CE35B78E96BB}.Release|iPhoneSimulator.Deploy.0 = Release|iPhoneSimulator
		{3A358CD3-4EBC-4F9C-99DD-8E64164A3AE0}.Debug|Any CPU.ActiveCfg = Debug|Any CPU
		{3A358CD3-4EBC-4F9C-99DD-8E64164A3AE0}.Debug|Any CPU.Build.0 = Debug|Any CPU
		{3A358CD3-4EBC-4F9C-99DD-8E64164A3AE0}.Debug|Any CPU.Deploy.0 = Debug|Any CPU
		{3A358CD3-4EBC-4F9C-99DD-8E64164A3AE0}.Debug|iPhone.ActiveCfg = Debug|Any CPU
		{3A358CD3-4EBC-4F9C-99DD-8E64164A3AE0}.Debug|iPhone.Build.0 = Debug|Any CPU
		{3A358CD3-4EBC-4F9C-99DD-8E64164A3AE0}.Debug|iPhone.Deploy.0 = Debug|Any CPU
		{3A358CD3-4EBC-4F9C-99DD-8E64164A3AE0}.Debug|iPhoneSimulator.ActiveCfg = Debug|Any CPU
		{3A358CD3-4EBC-4F9C-99DD-8E64164A3AE0}.Debug|iPhoneSimulator.Build.0 = Debug|Any CPU
		{3A358CD3-4EBC-4F9C-99DD-8E64164A3AE0}.Debug|iPhoneSimulator.Deploy.0 = Debug|Any CPU
		{3A358CD3-4EBC-4F9C-99DD-8E64164A3AE0}.Release|Any CPU.ActiveCfg = Release|Any CPU
		{3A358CD3-4EBC-4F9C-99DD-8E64164A3AE0}.Release|Any CPU.Build.0 = Release|Any CPU
		{3A358CD3-4EBC-4F9C-99DD-8E64164A3AE0}.Release|Any CPU.Deploy.0 = Release|Any CPU
		{3A358CD3-4EBC-4F9C-99DD-8E64164A3AE0}.Release|iPhone.ActiveCfg = Release|Any CPU
		{3A358CD3-4EBC-4F9C-99DD-8E64164A3AE0}.Release|iPhone.Build.0 = Release|Any CPU
		{3A358CD3-4EBC-4F9C-99DD-8E64164A3AE0}.Release|iPhone.Deploy.0 = Release|Any CPU
		{3A358CD3-4EBC-4F9C-99DD-8E64164A3AE0}.Release|iPhoneSimulator.ActiveCfg = Release|Any CPU
		{3A358CD3-4EBC-4F9C-99DD-8E64164A3AE0}.Release|iPhoneSimulator.Build.0 = Release|Any CPU
		{3A358CD3-4EBC-4F9C-99DD-8E64164A3AE0}.Release|iPhoneSimulator.Deploy.0 = Release|Any CPU
	EndGlobalSection
	GlobalSection(SolutionProperties) = preSolution
		HideSolutionNode = FALSE
	EndGlobalSection
	GlobalSection(ExtensibilityGlobals) = postSolution
		SolutionGuid = {6EF988AC-2406-4101-AE81-D78B529FE629}
	EndGlobalSection
EndGlobal
